// !$*UTF8*$!
{
	archiveVersion = 1;
	classes = {
	};
	objectVersion = 48;
	objects = {

/* Begin PBXBuildFile section */
		CEBA7D93B8FFF69441F68D2B /* Pods_e_commerce.framework in Frameworks */ = {isa = PBXBuildFile; fileRef = 51AF215B8D0E03BE08B579A2 /* Pods_e_commerce.framework */; };
		E24A3A9B20E76F2000930466 /* Info.plist in Resources */ = {isa = PBXBuildFile; fileRef = E24A3A9A20E76F2000930466 /* Info.plist */; };
		E24C841F20E8C3850074A2F2 /* RegisterVC.swift in Sources */ = {isa = PBXBuildFile; fileRef = E24C841E20E8C3850074A2F2 /* RegisterVC.swift */; };
		E24C842520E8CC0A0074A2F2 /* String+Extenion.swift in Sources */ = {isa = PBXBuildFile; fileRef = E24C842420E8CC0A0074A2F2 /* String+Extenion.swift */; };
		E25302C220EA603D00E695FC /* Auth.storyboard in Resources */ = {isa = PBXBuildFile; fileRef = E25302C120EA603D00E695FC /* Auth.storyboard */; };
		E2BC8E9320E5ED3A00423F5C /* LoginVC.swift in Sources */ = {isa = PBXBuildFile; fileRef = E2BC8E9220E5ED3A00423F5C /* LoginVC.swift */; };
		E2FEDAE520E42668006F9944 /* AppDelegate.swift in Sources */ = {isa = PBXBuildFile; fileRef = E2FEDAE420E42668006F9944 /* AppDelegate.swift */; };
		E2FEDAE720E42668006F9944 /* CategoriesVC.swift in Sources */ = {isa = PBXBuildFile; fileRef = E2FEDAE620E42668006F9944 /* CategoriesVC.swift */; };
		E2FEDAEA20E42668006F9944 /* Main.storyboard in Resources */ = {isa = PBXBuildFile; fileRef = E2FEDAE820E42668006F9944 /* Main.storyboard */; };
		E2FEDAED20E42668006F9944 /* e_commerce.xcdatamodeld in Sources */ = {isa = PBXBuildFile; fileRef = E2FEDAEB20E42668006F9944 /* e_commerce.xcdatamodeld */; };
		E2FEDAEF20E42668006F9944 /* Assets.xcassets in Resources */ = {isa = PBXBuildFile; fileRef = E2FEDAEE20E42668006F9944 /* Assets.xcassets */; };
		E2FEDAF220E42668006F9944 /* LaunchScreen.storyboard in Resources */ = {isa = PBXBuildFile; fileRef = E2FEDAF020E42668006F9944 /* LaunchScreen.storyboard */; };
		E2FEDAFD20E42D14006F9944 /* CategoryCell.swift in Sources */ = {isa = PBXBuildFile; fileRef = E2FEDAFC20E42D14006F9944 /* CategoryCell.swift */; };
		E2FEDAFF20E42FC8006F9944 /* Category.swift in Sources */ = {isa = PBXBuildFile; fileRef = E2FEDAFE20E42FC8006F9944 /* Category.swift */; };
		E2FEDB0220E43214006F9944 /* DataService.swift in Sources */ = {isa = PBXBuildFile; fileRef = E2FEDB0120E43214006F9944 /* DataService.swift */; };
		E2FEDB0420E4721C006F9944 /* ProductCell.swift in Sources */ = {isa = PBXBuildFile; fileRef = E2FEDB0320E4721C006F9944 /* ProductCell.swift */; };
		E2FEDB0620E473D2006F9944 /* Product.swift in Sources */ = {isa = PBXBuildFile; fileRef = E2FEDB0520E473D2006F9944 /* Product.swift */; };
		E2FEDB0820E4793C006F9944 /* ProductsVC.swift in Sources */ = {isa = PBXBuildFile; fileRef = E2FEDB0720E4793C006F9944 /* ProductsVC.swift */; };
/* End PBXBuildFile section */

/* Begin PBXFileReference section */
		51AF215B8D0E03BE08B579A2 /* Pods_e_commerce.framework */ = {isa = PBXFileReference; explicitFileType = wrapper.framework; includeInIndex = 0; path = Pods_e_commerce.framework; sourceTree = BUILT_PRODUCTS_DIR; };
		652C454B2CCDDFFF363C209C /* Pods-e-commerce.release.xcconfig */ = {isa = PBXFileReference; includeInIndex = 1; lastKnownFileType = text.xcconfig; name = "Pods-e-commerce.release.xcconfig"; path = "Pods/Target Support Files/Pods-e-commerce/Pods-e-commerce.release.xcconfig"; sourceTree = "<group>"; };
		E24A3A9A20E76F2000930466 /* Info.plist */ = {isa = PBXFileReference; fileEncoding = 4; lastKnownFileType = text.plist.xml; path = Info.plist; sourceTree = "<group>"; };
		E24C841E20E8C3850074A2F2 /* RegisterVC.swift */ = {isa = PBXFileReference; lastKnownFileType = sourcecode.swift; path = RegisterVC.swift; sourceTree = "<group>"; };
		E24C842420E8CC0A0074A2F2 /* String+Extenion.swift */ = {isa = PBXFileReference; lastKnownFileType = sourcecode.swift; path = "String+Extenion.swift"; sourceTree = "<group>"; };
		E25302C120EA603D00E695FC /* Auth.storyboard */ = {isa = PBXFileReference; lastKnownFileType = file.storyboard; path = Auth.storyboard; sourceTree = "<group>"; };
		E2BC8E9220E5ED3A00423F5C /* LoginVC.swift */ = {isa = PBXFileReference; lastKnownFileType = sourcecode.swift; path = LoginVC.swift; sourceTree = "<group>"; };
		E2FEDAE120E42668006F9944 /* e-commerce.app */ = {isa = PBXFileReference; explicitFileType = wrapper.application; includeInIndex = 0; path = "e-commerce.app"; sourceTree = BUILT_PRODUCTS_DIR; };
		E2FEDAE420E42668006F9944 /* AppDelegate.swift */ = {isa = PBXFileReference; lastKnownFileType = sourcecode.swift; path = AppDelegate.swift; sourceTree = "<group>"; };
		E2FEDAE620E42668006F9944 /* CategoriesVC.swift */ = {isa = PBXFileReference; lastKnownFileType = sourcecode.swift; path = CategoriesVC.swift; sourceTree = "<group>"; };
		E2FEDAE920E42668006F9944 /* Base */ = {isa = PBXFileReference; lastKnownFileType = file.storyboard; name = Base; path = Base.lproj/Main.storyboard; sourceTree = "<group>"; };
		E2FEDAEC20E42668006F9944 /* e_commerce.xcdatamodel */ = {isa = PBXFileReference; lastKnownFileType = wrapper.xcdatamodel; path = e_commerce.xcdatamodel; sourceTree = "<group>"; };
		E2FEDAEE20E42668006F9944 /* Assets.xcassets */ = {isa = PBXFileReference; lastKnownFileType = folder.assetcatalog; path = Assets.xcassets; sourceTree = "<group>"; };
		E2FEDAF120E42668006F9944 /* Base */ = {isa = PBXFileReference; lastKnownFileType = file.storyboard; name = Base; path = Base.lproj/LaunchScreen.storyboard; sourceTree = "<group>"; };
		E2FEDAFC20E42D14006F9944 /* CategoryCell.swift */ = {isa = PBXFileReference; lastKnownFileType = sourcecode.swift; path = CategoryCell.swift; sourceTree = "<group>"; };
		E2FEDAFE20E42FC8006F9944 /* Category.swift */ = {isa = PBXFileReference; lastKnownFileType = sourcecode.swift; path = Category.swift; sourceTree = "<group>"; };
		E2FEDB0120E43214006F9944 /* DataService.swift */ = {isa = PBXFileReference; lastKnownFileType = sourcecode.swift; path = DataService.swift; sourceTree = "<group>"; };
		E2FEDB0320E4721C006F9944 /* ProductCell.swift */ = {isa = PBXFileReference; lastKnownFileType = sourcecode.swift; path = ProductCell.swift; sourceTree = "<group>"; };
		E2FEDB0520E473D2006F9944 /* Product.swift */ = {isa = PBXFileReference; lastKnownFileType = sourcecode.swift; path = Product.swift; sourceTree = "<group>"; };
		E2FEDB0720E4793C006F9944 /* ProductsVC.swift */ = {isa = PBXFileReference; lastKnownFileType = sourcecode.swift; path = ProductsVC.swift; sourceTree = "<group>"; };
		FE7A54754E74F6021BE70980 /* Pods-e-commerce.debug.xcconfig */ = {isa = PBXFileReference; includeInIndex = 1; lastKnownFileType = text.xcconfig; name = "Pods-e-commerce.debug.xcconfig"; path = "Pods/Target Support Files/Pods-e-commerce/Pods-e-commerce.debug.xcconfig"; sourceTree = "<group>"; };
/* End PBXFileReference section */

/* Begin PBXFrameworksBuildPhase section */
		E2FEDADE20E42668006F9944 /* Frameworks */ = {
			isa = PBXFrameworksBuildPhase;
			buildActionMask = 2147483647;
			files = (
				CEBA7D93B8FFF69441F68D2B /* Pods_e_commerce.framework in Frameworks */,
			);
			runOnlyForDeploymentPostprocessing = 0;
		};
/* End PBXFrameworksBuildPhase section */

/* Begin PBXGroup section */
		14D91D48C5247695AF6D538A /* Frameworks */ = {
			isa = PBXGroup;
			children = (
				51AF215B8D0E03BE08B579A2 /* Pods_e_commerce.framework */,
			);
			name = Frameworks;
			sourceTree = "<group>";
		};
		E24C842320E8CBD30074A2F2 /* Extentions */ = {
			isa = PBXGroup;
			children = (
				E24C842420E8CC0A0074A2F2 /* String+Extenion.swift */,
			);
			path = Extentions;
			sourceTree = "<group>";
		};
		E2FEDAD820E42668006F9944 = {
			isa = PBXGroup;
			children = (
				E2FEDAE320E42668006F9944 /* e-commerce */,
				E2FEDAE220E42668006F9944 /* Products */,
				FE490C775F8C9C3F5B8CBAF5 /* Pods */,
				14D91D48C5247695AF6D538A /* Frameworks */,
			);
			sourceTree = "<group>";
		};
		E2FEDAE220E42668006F9944 /* Products */ = {
			isa = PBXGroup;
			children = (
				E2FEDAE120E42668006F9944 /* e-commerce.app */,
			);
			name = Products;
			sourceTree = "<group>";
		};
		E2FEDAE320E42668006F9944 /* e-commerce */ = {
			isa = PBXGroup;
			children = (
				E24C842320E8CBD30074A2F2 /* Extentions */,
				E2FEDAE420E42668006F9944 /* AppDelegate.swift */,
				E2FEDAE820E42668006F9944 /* Main.storyboard */,
				E25302C120EA603D00E695FC /* Auth.storyboard */,
				E2FEDAFB20E427BC006F9944 /* Controller */,
				E2FEDB0020E431E6006F9944 /* Services */,
				E2FEDAFA20E427AB006F9944 /* Model */,
				E2FEDAF920E427A1006F9944 /* View */,
				E2FEDAEE20E42668006F9944 /* Assets.xcassets */,
				E24A3A9A20E76F2000930466 /* Info.plist */,
				E2FEDAF020E42668006F9944 /* LaunchScreen.storyboard */,
				E2FEDAEB20E42668006F9944 /* e_commerce.xcdatamodeld */,
			);
			path = "e-commerce";
			sourceTree = "<group>";
		};
		E2FEDAF920E427A1006F9944 /* View */ = {
			isa = PBXGroup;
			children = (
				E2FEDAFC20E42D14006F9944 /* CategoryCell.swift */,
				E2FEDB0320E4721C006F9944 /* ProductCell.swift */,
			);
			path = View;
			sourceTree = "<group>";
		};
		E2FEDAFA20E427AB006F9944 /* Model */ = {
			isa = PBXGroup;
			children = (
				E2FEDAFE20E42FC8006F9944 /* Category.swift */,
				E2FEDB0520E473D2006F9944 /* Product.swift */,
			);
			path = Model;
			sourceTree = "<group>";
		};
		E2FEDAFB20E427BC006F9944 /* Controller */ = {
			isa = PBXGroup;
			children = (
				E2FEDAE620E42668006F9944 /* CategoriesVC.swift */,
				E2FEDB0720E4793C006F9944 /* ProductsVC.swift */,
				E2BC8E9220E5ED3A00423F5C /* LoginVC.swift */,
				E24C841E20E8C3850074A2F2 /* RegisterVC.swift */,
			);
			path = Controller;
			sourceTree = "<group>";
		};
		E2FEDB0020E431E6006F9944 /* Services */ = {
			isa = PBXGroup;
			children = (
				E2FEDB0120E43214006F9944 /* DataService.swift */,
			);
			path = Services;
			sourceTree = "<group>";
		};
		FE490C775F8C9C3F5B8CBAF5 /* Pods */ = {
			isa = PBXGroup;
			children = (
				FE7A54754E74F6021BE70980 /* Pods-e-commerce.debug.xcconfig */,
				652C454B2CCDDFFF363C209C /* Pods-e-commerce.release.xcconfig */,
			);
			name = Pods;
			sourceTree = "<group>";
		};
/* End PBXGroup section */

/* Begin PBXNativeTarget section */
		E2FEDAE020E42668006F9944 /* e-commerce */ = {
			isa = PBXNativeTarget;
			buildConfigurationList = E2FEDAF620E42668006F9944 /* Build configuration list for PBXNativeTarget "e-commerce" */;
			buildPhases = (
				C4583D07848935E8C53749F3 /* [CP] Check Pods Manifest.lock */,
				E2FEDADD20E42668006F9944 /* Sources */,
				E2FEDADE20E42668006F9944 /* Frameworks */,
				E2FEDADF20E42668006F9944 /* Resources */,
				C580D496F74366B522EE68DF /* [CP] Embed Pods Frameworks */,
			);
			buildRules = (
			);
			dependencies = (
			);
			name = "e-commerce";
			productName = "e-commerce";
			productReference = E2FEDAE120E42668006F9944 /* e-commerce.app */;
			productType = "com.apple.product-type.application";
		};
/* End PBXNativeTarget section */

/* Begin PBXProject section */
		E2FEDAD920E42668006F9944 /* Project object */ = {
			isa = PBXProject;
			attributes = {
				LastSwiftUpdateCheck = 0920;
				LastUpgradeCheck = 0920;
				ORGANIZATIONNAME = Organization;
				TargetAttributes = {
					E2FEDAE020E42668006F9944 = {
						CreatedOnToolsVersion = 9.2;
						ProvisioningStyle = Automatic;
					};
				};
			};
			buildConfigurationList = E2FEDADC20E42668006F9944 /* Build configuration list for PBXProject "e-commerce" */;
			compatibilityVersion = "Xcode 8.0";
			developmentRegion = en;
			hasScannedForEncodings = 0;
			knownRegions = (
				en,
				Base,
			);
			mainGroup = E2FEDAD820E42668006F9944;
			productRefGroup = E2FEDAE220E42668006F9944 /* Products */;
			projectDirPath = "";
			projectRoot = "";
			targets = (
				E2FEDAE020E42668006F9944 /* e-commerce */,
			);
		};
/* End PBXProject section */

/* Begin PBXResourcesBuildPhase section */
		E2FEDADF20E42668006F9944 /* Resources */ = {
			isa = PBXResourcesBuildPhase;
			buildActionMask = 2147483647;
			files = (
				E24A3A9B20E76F2000930466 /* Info.plist in Resources */,
				E2FEDAF220E42668006F9944 /* LaunchScreen.storyboard in Resources */,
				E25302C220EA603D00E695FC /* Auth.storyboard in Resources */,
				E2FEDAEF20E42668006F9944 /* Assets.xcassets in Resources */,
				E2FEDAEA20E42668006F9944 /* Main.storyboard in Resources */,
			);
			runOnlyForDeploymentPostprocessing = 0;
		};
/* End PBXResourcesBuildPhase section */

/* Begin PBXShellScriptBuildPhase section */
		C4583D07848935E8C53749F3 /* [CP] Check Pods Manifest.lock */ = {
			isa = PBXShellScriptBuildPhase;
			buildActionMask = 2147483647;
			files = (
			);
			inputPaths = (
				"${PODS_PODFILE_DIR_PATH}/Podfile.lock",
				"${PODS_ROOT}/Manifest.lock",
			);
			name = "[CP] Check Pods Manifest.lock";
			outputPaths = (
				"$(DERIVED_FILE_DIR)/Pods-e-commerce-checkManifestLockResult.txt",
			);
			runOnlyForDeploymentPostprocessing = 0;
			shellPath = /bin/sh;
			shellScript = "diff \"${PODS_PODFILE_DIR_PATH}/Podfile.lock\" \"${PODS_ROOT}/Manifest.lock\" > /dev/null\nif [ $? != 0 ] ; then\n    # print error to STDERR\n    echo \"error: The sandbox is not in sync with the Podfile.lock. Run 'pod install' or update your CocoaPods installation.\" >&2\n    exit 1\nfi\n# This output is used by Xcode 'outputs' to avoid re-running this script phase.\necho \"SUCCESS\" > \"${SCRIPT_OUTPUT_FILE_0}\"\n";
			showEnvVarsInLog = 0;
		};
		C580D496F74366B522EE68DF /* [CP] Embed Pods Frameworks */ = {
			isa = PBXShellScriptBuildPhase;
			buildActionMask = 2147483647;
			files = (
			);
			inputPaths = (
				"${SRCROOT}/Pods/Target Support Files/Pods-e-commerce/Pods-e-commerce-frameworks.sh",
				"${BUILT_PRODUCTS_DIR}/Alamofire/Alamofire.framework",
				"${BUILT_PRODUCTS_DIR}/SwiftyJSON/SwiftyJSON.framework",
			);
			name = "[CP] Embed Pods Frameworks";
			outputPaths = (
				"${TARGET_BUILD_DIR}/${FRAMEWORKS_FOLDER_PATH}/Alamofire.framework",
				"${TARGET_BUILD_DIR}/${FRAMEWORKS_FOLDER_PATH}/SwiftyJSON.framework",
			);
			runOnlyForDeploymentPostprocessing = 0;
			shellPath = /bin/sh;
			shellScript = "\"${SRCROOT}/Pods/Target Support Files/Pods-e-commerce/Pods-e-commerce-frameworks.sh\"\n";
			showEnvVarsInLog = 0;
		};
/* End PBXShellScriptBuildPhase section */

/* Begin PBXSourcesBuildPhase section */
		E2FEDADD20E42668006F9944 /* Sources */ = {
			isa = PBXSourcesBuildPhase;
			buildActionMask = 2147483647;
			files = (
				E2FEDAE720E42668006F9944 /* CategoriesVC.swift in Sources */,
				E2FEDB0620E473D2006F9944 /* Product.swift in Sources */,
				E2FEDAFF20E42FC8006F9944 /* Category.swift in Sources */,
				E2FEDAED20E42668006F9944 /* e_commerce.xcdatamodeld in Sources */,
				E24C841F20E8C3850074A2F2 /* RegisterVC.swift in Sources */,
				E2BC8E9320E5ED3A00423F5C /* LoginVC.swift in Sources */,
				E2FEDB0220E43214006F9944 /* DataService.swift in Sources */,
				E2FEDAE520E42668006F9944 /* AppDelegate.swift in Sources */,
				E24C842520E8CC0A0074A2F2 /* String+Extenion.swift in Sources */,
				E2FEDB0420E4721C006F9944 /* ProductCell.swift in Sources */,
				E2FEDAFD20E42D14006F9944 /* CategoryCell.swift in Sources */,
				E2FEDB0820E4793C006F9944 /* ProductsVC.swift in Sources */,
			);
			runOnlyForDeploymentPostprocessing = 0;
		};
/* End PBXSourcesBuildPhase section */

/* Begin PBXVariantGroup section */
		E2FEDAE820E42668006F9944 /* Main.storyboard */ = {
			isa = PBXVariantGroup;
			children = (
				E2FEDAE920E42668006F9944 /* Base */,
			);
			name = Main.storyboard;
			sourceTree = "<group>";
		};
		E2FEDAF020E42668006F9944 /* LaunchScreen.storyboard */ = {
			isa = PBXVariantGroup;
			children = (
				E2FEDAF120E42668006F9944 /* Base */,
			);
			name = LaunchScreen.storyboard;
			sourceTree = "<group>";
		};
/* End PBXVariantGroup section */

/* Begin XCBuildConfiguration section */
		E2FEDAF420E42668006F9944 /* Debug */ = {
			isa = XCBuildConfiguration;
			buildSettings = {
				ALWAYS_SEARCH_USER_PATHS = NO;
				CLANG_ANALYZER_NONNULL = YES;
				CLANG_ANALYZER_NUMBER_OBJECT_CONVERSION = YES_AGGRESSIVE;
				CLANG_CXX_LANGUAGE_STANDARD = "gnu++14";
				CLANG_CXX_LIBRARY = "libc++";
				CLANG_ENABLE_MODULES = YES;
				CLANG_ENABLE_OBJC_ARC = YES;
				CLANG_WARN_BLOCK_CAPTURE_AUTORELEASING = YES;
				CLANG_WARN_BOOL_CONVERSION = YES;
				CLANG_WARN_COMMA = YES;
				CLANG_WARN_CONSTANT_CONVERSION = YES;
				CLANG_WARN_DIRECT_OBJC_ISA_USAGE = YES_ERROR;
				CLANG_WARN_DOCUMENTATION_COMMENTS = YES;
				CLANG_WARN_EMPTY_BODY = YES;
				CLANG_WARN_ENUM_CONVERSION = YES;
				CLANG_WARN_INFINITE_RECURSION = YES;
				CLANG_WARN_INT_CONVERSION = YES;
				CLANG_WARN_NON_LITERAL_NULL_CONVERSION = YES;
				CLANG_WARN_OBJC_LITERAL_CONVERSION = YES;
				CLANG_WARN_OBJC_ROOT_CLASS = YES_ERROR;
				CLANG_WARN_RANGE_LOOP_ANALYSIS = YES;
				CLANG_WARN_STRICT_PROTOTYPES = YES;
				CLANG_WARN_SUSPICIOUS_MOVE = YES;
				CLANG_WARN_UNGUARDED_AVAILABILITY = YES_AGGRESSIVE;
				CLANG_WARN_UNREACHABLE_CODE = YES;
				CLANG_WARN__DUPLICATE_METHOD_MATCH = YES;
				CODE_SIGN_IDENTITY = "iPhone Developer";
				COPY_PHASE_STRIP = NO;
				DEBUG_INFORMATION_FORMAT = dwarf;
				ENABLE_STRICT_OBJC_MSGSEND = YES;
				ENABLE_TESTABILITY = YES;
				GCC_C_LANGUAGE_STANDARD = gnu11;
				GCC_DYNAMIC_NO_PIC = NO;
				GCC_NO_COMMON_BLOCKS = YES;
				GCC_OPTIMIZATION_LEVEL = 0;
				GCC_PREPROCESSOR_DEFINITIONS = (
					"DEBUG=1",
					"$(inherited)",
				);
				GCC_WARN_64_TO_32_BIT_CONVERSION = YES;
				GCC_WARN_ABOUT_RETURN_TYPE = YES_ERROR;
				GCC_WARN_UNDECLARED_SELECTOR = YES;
				GCC_WARN_UNINITIALIZED_AUTOS = YES_AGGRESSIVE;
				GCC_WARN_UNUSED_FUNCTION = YES;
				GCC_WARN_UNUSED_VARIABLE = YES;
				IPHONEOS_DEPLOYMENT_TARGET = 11.2;
				MTL_ENABLE_DEBUG_INFO = YES;
				ONLY_ACTIVE_ARCH = YES;
				SDKROOT = iphoneos;
				SWIFT_ACTIVE_COMPILATION_CONDITIONS = DEBUG;
				SWIFT_OPTIMIZATION_LEVEL = "-Onone";
			};
			name = Debug;
		};
		E2FEDAF520E42668006F9944 /* Release */ = {
			isa = XCBuildConfiguration;
			buildSettings = {
				ALWAYS_SEARCH_USER_PATHS = NO;
				CLANG_ANALYZER_NONNULL = YES;
				CLANG_ANALYZER_NUMBER_OBJECT_CONVERSION = YES_AGGRESSIVE;
				CLANG_CXX_LANGUAGE_STANDARD = "gnu++14";
				CLANG_CXX_LIBRARY = "libc++";
				CLANG_ENABLE_MODULES = YES;
				CLANG_ENABLE_OBJC_ARC = YES;
				CLANG_WARN_BLOCK_CAPTURE_AUTORELEASING = YES;
				CLANG_WARN_BOOL_CONVERSION = YES;
				CLANG_WARN_COMMA = YES;
				CLANG_WARN_CONSTANT_CONVERSION = YES;
				CLANG_WARN_DIRECT_OBJC_ISA_USAGE = YES_ERROR;
				CLANG_WARN_DOCUMENTATION_COMMENTS = YES;
				CLANG_WARN_EMPTY_BODY = YES;
				CLANG_WARN_ENUM_CONVERSION = YES;
				CLANG_WARN_INFINITE_RECURSION = YES;
				CLANG_WARN_INT_CONVERSION = YES;
				CLANG_WARN_NON_LITERAL_NULL_CONVERSION = YES;
				CLANG_WARN_OBJC_LITERAL_CONVERSION = YES;
				CLANG_WARN_OBJC_ROOT_CLASS = YES_ERROR;
				CLANG_WARN_RANGE_LOOP_ANALYSIS = YES;
				CLANG_WARN_STRICT_PROTOTYPES = YES;
				CLANG_WARN_SUSPICIOUS_MOVE = YES;
				CLANG_WARN_UNGUARDED_AVAILABILITY = YES_AGGRESSIVE;
				CLANG_WARN_UNREACHABLE_CODE = YES;
				CLANG_WARN__DUPLICATE_METHOD_MATCH = YES;
				CODE_SIGN_IDENTITY = "iPhone Developer";
				COPY_PHASE_STRIP = NO;
				DEBUG_INFORMATION_FORMAT = "dwarf-with-dsym";
				ENABLE_NS_ASSERTIONS = NO;
				ENABLE_STRICT_OBJC_MSGSEND = YES;
				GCC_C_LANGUAGE_STANDARD = gnu11;
				GCC_NO_COMMON_BLOCKS = YES;
				GCC_WARN_64_TO_32_BIT_CONVERSION = YES;
				GCC_WARN_ABOUT_RETURN_TYPE = YES_ERROR;
				GCC_WARN_UNDECLARED_SELECTOR = YES;
				GCC_WARN_UNINITIALIZED_AUTOS = YES_AGGRESSIVE;
				GCC_WARN_UNUSED_FUNCTION = YES;
				GCC_WARN_UNUSED_VARIABLE = YES;
				IPHONEOS_DEPLOYMENT_TARGET = 11.2;
				MTL_ENABLE_DEBUG_INFO = NO;
				SDKROOT = iphoneos;
				SWIFT_OPTIMIZATION_LEVEL = "-Owholemodule";
				VALIDATE_PRODUCT = YES;
			};
			name = Release;
		};
		E2FEDAF720E42668006F9944 /* Debug */ = {
			isa = XCBuildConfiguration;
			baseConfigurationReference = FE7A54754E74F6021BE70980 /* Pods-e-commerce.debug.xcconfig */;
			buildSettings = {
				ASSETCATALOG_COMPILER_APPICON_NAME = AppIcon;
				CODE_SIGN_STYLE = Automatic;
				INFOPLIST_FILE = "e-commerce/Info.plist";
				LD_RUNPATH_SEARCH_PATHS = "$(inherited) @executable_path/Frameworks";
				PRODUCT_BUNDLE_IDENTIFIER = "Build-app.e-commerce";
				PRODUCT_NAME = "$(TARGET_NAME)";
				SWIFT_VERSION = 4.0;
				TARGETED_DEVICE_FAMILY = "1,2";
			};
			name = Debug;
		};
		E2FEDAF820E42668006F9944 /* Release */ = {
			isa = XCBuildConfiguration;
			baseConfigurationReference = 652C454B2CCDDFFF363C209C /* Pods-e-commerce.release.xcconfig */;
			buildSettings = {
				ASSETCATALOG_COMPILER_APPICON_NAME = AppIcon;
				CODE_SIGN_STYLE = Automatic;
				INFOPLIST_FILE = "e-commerce/Info.plist";
				LD_RUNPATH_SEARCH_PATHS = "$(inherited) @executable_path/Frameworks";
				PRODUCT_BUNDLE_IDENTIFIER = "Build-app.e-commerce";
				PRODUCT_NAME = "$(TARGET_NAME)";
				SWIFT_VERSION = 4.0;
				TARGETED_DEVICE_FAMILY = "1,2";
			};
			name = Release;
		};
/* End XCBuildConfiguration section */

/* Begin XCConfigurationList section */
		E2FEDADC20E42668006F9944 /* Build configuration list for PBXProject "e-commerce" */ = {
			isa = XCConfigurationList;
			buildConfigurations = (
				E2FEDAF420E42668006F9944 /* Debug */,
				E2FEDAF520E42668006F9944 /* Release */,
			);
			defaultConfigurationIsVisible = 0;
			defaultConfigurationName = Release;
		};
		E2FEDAF620E42668006F9944 /* Build configuration list for PBXNativeTarget "e-commerce" */ = {
			isa = XCConfigurationList;
			buildConfigurations = (
				E2FEDAF720E42668006F9944 /* Debug */,
				E2FEDAF820E42668006F9944 /* Release */,
			);
			defaultConfigurationIsVisible = 0;
			defaultConfigurationName = Release;
		};
/* End XCConfigurationList section */

/* Begin XCVersionGroup section */
		E2FEDAEB20E42668006F9944 /* e_commerce.xcdatamodeld */ = {
			isa = XCVersionGroup;
			children = (
				E2FEDAEC20E42668006F9944 /* e_commerce.xcdatamodel */,
			);
			currentVersion = E2FEDAEC20E42668006F9944 /* e_commerce.xcdatamodel */;
			path = e_commerce.xcdatamodeld;
			sourceTree = "<group>";
			versionGroupType = wrapper.xcdatamodel;
		};
/* End XCVersionGroup section */
	};
	rootObject = E2FEDAD920E42668006F9944 /* Project object */;
}
